
Microsoft Visual Studio Solution File, Format Version 12.00
# Visual Studio Version 16
VisualStudioVersion = 16.0.29911.84
MinimumVisualStudioVersion = 10.0.40219.1
Project("{FAE04EC0-301F-11D3-BF4B-00C04F79EFBC}") = "PasswordStrength", "PasswordStrength\PasswordStrength.csproj", "{AA084FD4-B62F-44B2-ABF2-2CC570A1B00E}"
EndProject
Global
	GlobalSection(SolutionConfigurationPlatforms) = preSolution
		Debug|Any CPU = Debug|Any CPU
		Release|Any CPU = Release|Any CPU
	EndGlobalSection
	GlobalSection(ProjectConfigurationPlatforms) = postSolution
		{AA084FD4-B62F-44B2-ABF2-2CC570A1B00E}.Debug|Any CPU.ActiveCfg = Debug|Any CPU
		{AA084FD4-B62F-44B2-ABF2-2CC570A1B00E}.Debug|Any CPU.Build.0 = Debug|Any CPU
		{AA084FD4-B62F-44B2-ABF2-2CC570A1B00E}.Release|Any CPU.ActiveCfg = Release|Any CPU
		{AA084FD4-B62F-44B2-ABF2-2CC570A1B00E}.Release|Any CPU.Build.0 = Release|Any CPU
	EndGlobalSection
	GlobalSection(SolutionProperties) = preSolution
		HideSolutionNode = FALSE
	EndGlobalSection
	GlobalSection(ExtensibilityGlobals) = postSolution
		SolutionGuid = {AD77ADA5-571F-4AF8-9AD2-A26465C766C5}
	EndGlobalSection
EndGlobal
